
Microsoft Visual Studio Solution File, Format Version 12.00
# Visual Studio Version 17
VisualStudioVersion = 17.10.35027.167
MinimumVisualStudioVersion = 10.0.40219.1
Project("{FAE04EC0-301F-11D3-BF4B-00C04F79EFBC}") = "Trident", "Trident\Trident.csproj", "{7ED8E311-74EB-44E8-96E1-1641258A811C}"
EndProject
Project("{FAE04EC0-301F-11D3-BF4B-00C04F79EFBC}") = "Trident.Core", "Trident.Core\Trident.Core.csproj", "{BCB539DC-4CDB-4D3A-90E9-8F26D5CD4472}"
EndProject
Global
	GlobalSection(SolutionConfigurationPlatforms) = preSolution
		Debug|Any CPU = Debug|Any CPU
		Release|Any CPU = Release|Any CPU
	EndGlobalSection
	GlobalSection(ProjectConfigurationPlatforms) = postSolution
		{7ED8E311-74EB-44E8-96E1-1641258A811C}.Debug|Any CPU.ActiveCfg = Debug|Any CPU
		{7ED8E311-74EB-44E8-96E1-1641258A811C}.Debug|Any CPU.Build.0 = Debug|Any CPU
		{7ED8E311-74EB-44E8-96E1-1641258A811C}.Release|Any CPU.ActiveCfg = Release|Any CPU
		{7ED8E311-74EB-44E8-96E1-1641258A811C}.Release|Any CPU.Build.0 = Release|Any CPU
		{BCB539DC-4CDB-4D3A-90E9-8F26D5CD4472}.Debug|Any CPU.ActiveCfg = Debug|Any CPU
		{BCB539DC-4CDB-4D3A-90E9-8F26D5CD4472}.Debug|Any CPU.Build.0 = Debug|Any CPU
		{BCB539DC-4CDB-4D3A-90E9-8F26D5CD4472}.Release|Any CPU.ActiveCfg = Release|Any CPU
		{BCB539DC-4CDB-4D3A-90E9-8F26D5CD4472}.Release|Any CPU.Build.0 = Release|Any CPU
	EndGlobalSection
	GlobalSection(SolutionProperties) = preSolution
		HideSolutionNode = FALSE
	EndGlobalSection
	GlobalSection(ExtensibilityGlobals) = postSolution
		SolutionGuid = {6446B06A-5E95-4D3C-A1B1-8AA4A3655F0C}
	EndGlobalSection
EndGlobal
